{
    "_readme": [
        "This file locks the dependencies of your project to a known state",
        "Read more about it at https://getcomposer.org/doc/01-basic-usage.md#installing-dependencies",
        "This file is @generated automatically"
    ],
    "content-hash": "33c1e2d854cfc4f01fdfd01786755997",
    "packages": [
        {
            "name": "clancats/hydrahon",
            "version": "dev-master",
            "source": {
                "type": "git",
                "url": "https://github.com/ClanCats/Hydrahon.git",
                "reference": "5451164a07a9b5a6bedac368f290f799011ab682"
            },
            "dist": {
                "type": "zip",
                "url": "https://api.github.com/repos/ClanCats/Hydrahon/zipball/5451164a07a9b5a6bedac368f290f799011ab682",
                "reference": "5451164a07a9b5a6bedac368f290f799011ab682",
                "shasum": ""
            },
            "require": {
                "php": ">=5.4.0"
            },
            "require-dev": {
                "phpunit/phpunit": "4.*"
            },
            "type": "library",
            "autoload": {
                "psr-4": {
                    "ClanCats\\Hydrahon\\": "src/"
                }
            },
            "notification-url": "https://packagist.org/downloads/",
            "license": [
                "MIT"
            ],
            "authors": [
                {
                    "name": "Mario Döring",
                    "role": "Developer"
                }
            ],
            "description": "Fast & standalone PHP MySQL Query Builder library.",
            "homepage": "https://github.com/ClanCats/Hydrahon",
            "keywords": [
                "builder",
                "database",
                "mysql",
                "query",
                "sqlite"
            ],
            "time": "2020-02-07T16:35:41+00:00"
        },
        {
            "name": "nahid/jsonq",
            "version": "v5.2.4",
            "source": {
                "type": "git",
                "url": "https://github.com/nahid/jsonq.git",
                "reference": "8b38ceaa05c6d92355637e300dec15dcdab21474"
            },
            "dist": {
                "type": "zip",
                "url": "https://api.github.com/repos/nahid/jsonq/zipball/8b38ceaa05c6d92355637e300dec15dcdab21474",
                "reference": "8b38ceaa05c6d92355637e300dec15dcdab21474",
                "shasum": ""
            },
            "require": {
                "php": ">=5.5.0"
            },
            "require-dev": {
                "graham-campbell/testbench": "^3.1",
                "phpunit/phpunit": "^4.8 || ^5.0",
                "symfony/var-dumper": "^3.4"
            },
            "type": "library",
            "autoload": {
                "psr-4": {
                    "Nahid\\JsonQ\\": "src/"
                }
            },
            "notification-url": "https://packagist.org/downloads/",
            "license": [
                "CC0-1.0"
            ],
            "authors": [
                {
                    "name": "Nahid Bin Azhar",
                    "email": "nahid.dns@gmail.com"
                }
            ],
            "description": "JsonQ is a PHP based json data query library",
            "homepage": "https://github.com/nahid/jsonq",
            "keywords": [
                "json",
                "jsonq",
                "query"
            ],
            "time": "2019-10-17T18:53:33+00:00"
        }
    ],
    "packages-dev": [],
    "aliases": [],
    "minimum-stability": "stable",
    "stability-flags": {
        "clancats/hydrahon": 20
    },
    "prefer-stable": false,
    "prefer-lowest": false,
    "platform": [],
    "platform-dev": []
}
